
Microsoft Visual Studio Solution File, Format Version 12.00
# Visual Studio Version 17
VisualStudioVersion = 17.0.31903.59
MinimumVisualStudioVersion = 10.0.40219.1
Project("{2150E333-8FDC-42A3-9474-1A3956D46DE8}") = "src", "src", "{4C3EAC85-2312-45AF-9435-EABE911EAF1A}"
EndProject
Project("{2150E333-8FDC-42A3-9474-1A3956D46DE8}") = "test", "test", "{7819ED45-52F4-4E85-9BA3-61769C82EDD1}"
EndProject
Project("{FAE04EC0-301F-11D3-BF4B-00C04F79EFBC}") = "Restaurants.Clean.API", "src\Restaurants.Clean.API\Restaurants.Clean.API.csproj", "{000FB31F-021A-4708-B799-FB859447ECD2}"
EndProject
Project("{FAE04EC0-301F-11D3-BF4B-00C04F79EFBC}") = "Restaurants.Clean.Application", "src\Restaurants.Clean.Application\Restaurants.Clean.Application.csproj", "{1DD6B7B1-85DA-4A31-815E-96F1292AA8CD}"
EndProject
Project("{FAE04EC0-301F-11D3-BF4B-00C04F79EFBC}") = "Restaurants.Clean.Domain", "src\Restaurants.Clean.Domain\Restaurants.Clean.Domain.csproj", "{570EA2AE-12E8-4825-9B42-0BAB1EEB14CD}"
EndProject
Project("{FAE04EC0-301F-11D3-BF4B-00C04F79EFBC}") = "Restaurants.Clean.Infrastructure", "src\Restaurants.Clean.Infrastructure\Restaurants.Clean.Infrastructure.csproj", "{4DCA4BC7-477C-42AA-9180-234FFA871354}"
EndProject
Project("{FAE04EC0-301F-11D3-BF4B-00C04F79EFBC}") = "Restaurant.API.Test", "test\Restaurant.API.Test\Restaurant.API.Test.csproj", "{AD6E543B-FD1E-4992-A06D-268621E8C3A1}"
EndProject
Project("{FAE04EC0-301F-11D3-BF4B-00C04F79EFBC}") = "Restaurant.Application.Test", "test\Restaurant.Application.Test\Restaurant.Application.Test.csproj", "{4EECB868-320C-4F18-8C86-BE8829B35143}"
EndProject
Project("{FAE04EC0-301F-11D3-BF4B-00C04F79EFBC}") = "Restaurant.Infrastructure.Test", "test\Restaurant.Infrastructure.Test\Restaurant.Infrastructure.Test.csproj", "{591F9FC1-7887-464A-AFCA-09E9805EC83A}"
EndProject
Global
	GlobalSection(SolutionConfigurationPlatforms) = preSolution
		Debug|Any CPU = Debug|Any CPU
		Release|Any CPU = Release|Any CPU
	EndGlobalSection
	GlobalSection(ProjectConfigurationPlatforms) = postSolution
		{000FB31F-021A-4708-B799-FB859447ECD2}.Debug|Any CPU.ActiveCfg = Debug|Any CPU
		{000FB31F-021A-4708-B799-FB859447ECD2}.Debug|Any CPU.Build.0 = Debug|Any CPU
		{000FB31F-021A-4708-B799-FB859447ECD2}.Release|Any CPU.ActiveCfg = Release|Any CPU
		{000FB31F-021A-4708-B799-FB859447ECD2}.Release|Any CPU.Build.0 = Release|Any CPU
		{1DD6B7B1-85DA-4A31-815E-96F1292AA8CD}.Debug|Any CPU.ActiveCfg = Debug|Any CPU
		{1DD6B7B1-85DA-4A31-815E-96F1292AA8CD}.Debug|Any CPU.Build.0 = Debug|Any CPU
		{1DD6B7B1-85DA-4A31-815E-96F1292AA8CD}.Release|Any CPU.ActiveCfg = Release|Any CPU
		{1DD6B7B1-85DA-4A31-815E-96F1292AA8CD}.Release|Any CPU.Build.0 = Release|Any CPU
		{570EA2AE-12E8-4825-9B42-0BAB1EEB14CD}.Debug|Any CPU.ActiveCfg = Debug|Any CPU
		{570EA2AE-12E8-4825-9B42-0BAB1EEB14CD}.Debug|Any CPU.Build.0 = Debug|Any CPU
		{570EA2AE-12E8-4825-9B42-0BAB1EEB14CD}.Release|Any CPU.ActiveCfg = Release|Any CPU
		{570EA2AE-12E8-4825-9B42-0BAB1EEB14CD}.Release|Any CPU.Build.0 = Release|Any CPU
		{4DCA4BC7-477C-42AA-9180-234FFA871354}.Debug|Any CPU.ActiveCfg = Debug|Any CPU
		{4DCA4BC7-477C-42AA-9180-234FFA871354}.Debug|Any CPU.Build.0 = Debug|Any CPU
		{4DCA4BC7-477C-42AA-9180-234FFA871354}.Release|Any CPU.ActiveCfg = Release|Any CPU
		{4DCA4BC7-477C-42AA-9180-234FFA871354}.Release|Any CPU.Build.0 = Release|Any CPU
		{AD6E543B-FD1E-4992-A06D-268621E8C3A1}.Debug|Any CPU.ActiveCfg = Debug|Any CPU
		{AD6E543B-FD1E-4992-A06D-268621E8C3A1}.Debug|Any CPU.Build.0 = Debug|Any CPU
		{AD6E543B-FD1E-4992-A06D-268621E8C3A1}.Release|Any CPU.ActiveCfg = Release|Any CPU
		{AD6E543B-FD1E-4992-A06D-268621E8C3A1}.Release|Any CPU.Build.0 = Release|Any CPU
		{4EECB868-320C-4F18-8C86-BE8829B35143}.Debug|Any CPU.ActiveCfg = Debug|Any CPU
		{4EECB868-320C-4F18-8C86-BE8829B35143}.Debug|Any CPU.Build.0 = Debug|Any CPU
		{4EECB868-320C-4F18-8C86-BE8829B35143}.Release|Any CPU.ActiveCfg = Release|Any CPU
		{4EECB868-320C-4F18-8C86-BE8829B35143}.Release|Any CPU.Build.0 = Release|Any CPU
		{591F9FC1-7887-464A-AFCA-09E9805EC83A}.Debug|Any CPU.ActiveCfg = Debug|Any CPU
		{591F9FC1-7887-464A-AFCA-09E9805EC83A}.Debug|Any CPU.Build.0 = Debug|Any CPU
		{591F9FC1-7887-464A-AFCA-09E9805EC83A}.Release|Any CPU.ActiveCfg = Release|Any CPU
		{591F9FC1-7887-464A-AFCA-09E9805EC83A}.Release|Any CPU.Build.0 = Release|Any CPU
	EndGlobalSection
	GlobalSection(SolutionProperties) = preSolution
		HideSolutionNode = FALSE
	EndGlobalSection
	GlobalSection(NestedProjects) = preSolution
		{000FB31F-021A-4708-B799-FB859447ECD2} = {4C3EAC85-2312-45AF-9435-EABE911EAF1A}
		{1DD6B7B1-85DA-4A31-815E-96F1292AA8CD} = {4C3EAC85-2312-45AF-9435-EABE911EAF1A}
		{570EA2AE-12E8-4825-9B42-0BAB1EEB14CD} = {4C3EAC85-2312-45AF-9435-EABE911EAF1A}
		{4DCA4BC7-477C-42AA-9180-234FFA871354} = {4C3EAC85-2312-45AF-9435-EABE911EAF1A}
		{AD6E543B-FD1E-4992-A06D-268621E8C3A1} = {7819ED45-52F4-4E85-9BA3-61769C82EDD1}
		{4EECB868-320C-4F18-8C86-BE8829B35143} = {7819ED45-52F4-4E85-9BA3-61769C82EDD1}
		{591F9FC1-7887-464A-AFCA-09E9805EC83A} = {7819ED45-52F4-4E85-9BA3-61769C82EDD1}
	EndGlobalSection
EndGlobal
